
Microsoft Visual Studio Solution File, Format Version 12.00
# Visual Studio Version 16
VisualStudioVersion = 16.0.31829.152
MinimumVisualStudioVersion = 10.0.40219.1
Project("{FAE04EC0-301F-11D3-BF4B-00C04F79EFBC}") = "SonarSweep", "SonarSweep\SonarSweep.csproj", "{FFA18C5E-C842-4381-9CB0-6A09B9950F32}"
EndProject
Project("{FAE04EC0-301F-11D3-BF4B-00C04F79EFBC}") = "SonarSweep.Tests", "SonarSweep.Tests\SonarSweep.Tests.csproj", "{7A94F6B6-4071-4516-810A-BEE1DE3E65DA}"
EndProject
Project("{FAE04EC0-301F-11D3-BF4B-00C04F79EFBC}") = "SonarSweep.Client", "SonarSweep.Client\SonarSweep.Client.csproj", "{426F6442-DA80-4C81-99F0-30FECAF170F0}"
EndProject
Global
	GlobalSection(SolutionConfigurationPlatforms) = preSolution
		Debug|Any CPU = Debug|Any CPU
		Release|Any CPU = Release|Any CPU
	EndGlobalSection
	GlobalSection(ProjectConfigurationPlatforms) = postSolution
		{FFA18C5E-C842-4381-9CB0-6A09B9950F32}.Debug|Any CPU.ActiveCfg = Debug|Any CPU
		{FFA18C5E-C842-4381-9CB0-6A09B9950F32}.Debug|Any CPU.Build.0 = Debug|Any CPU
		{FFA18C5E-C842-4381-9CB0-6A09B9950F32}.Release|Any CPU.ActiveCfg = Release|Any CPU
		{FFA18C5E-C842-4381-9CB0-6A09B9950F32}.Release|Any CPU.Build.0 = Release|Any CPU
		{7A94F6B6-4071-4516-810A-BEE1DE3E65DA}.Debug|Any CPU.ActiveCfg = Debug|Any CPU
		{7A94F6B6-4071-4516-810A-BEE1DE3E65DA}.Debug|Any CPU.Build.0 = Debug|Any CPU
		{7A94F6B6-4071-4516-810A-BEE1DE3E65DA}.Release|Any CPU.ActiveCfg = Release|Any CPU
		{7A94F6B6-4071-4516-810A-BEE1DE3E65DA}.Release|Any CPU.Build.0 = Release|Any CPU
		{426F6442-DA80-4C81-99F0-30FECAF170F0}.Debug|Any CPU.ActiveCfg = Debug|Any CPU
		{426F6442-DA80-4C81-99F0-30FECAF170F0}.Debug|Any CPU.Build.0 = Debug|Any CPU
		{426F6442-DA80-4C81-99F0-30FECAF170F0}.Release|Any CPU.ActiveCfg = Release|Any CPU
		{426F6442-DA80-4C81-99F0-30FECAF170F0}.Release|Any CPU.Build.0 = Release|Any CPU
	EndGlobalSection
	GlobalSection(SolutionProperties) = preSolution
		HideSolutionNode = FALSE
	EndGlobalSection
	GlobalSection(ExtensibilityGlobals) = postSolution
		SolutionGuid = {1E74C1C1-C4FF-473E-8806-D6BFA5216EB9}
	EndGlobalSection
EndGlobal
